
Microsoft Visual Studio Solution File, Format Version 12.00
# Visual Studio Version 17
VisualStudioVersion = 17.5.33530.505
MinimumVisualStudioVersion = 10.0.40219.1
Project("{FAE04EC0-301F-11D3-BF4B-00C04F79EFBC}") = "WebAppEmpty", "WebAppEmpty\WebAppEmpty.csproj", "{15E814A9-60AA-42F8-AC7C-B7890EA8D350}"
EndProject
Global
	GlobalSection(SolutionConfigurationPlatforms) = preSolution
		Debug|Any CPU = Debug|Any CPU
		Release|Any CPU = Release|Any CPU
	EndGlobalSection
	GlobalSection(ProjectConfigurationPlatforms) = postSolution
		{15E814A9-60AA-42F8-AC7C-B7890EA8D350}.Debug|Any CPU.ActiveCfg = Debug|Any CPU
		{15E814A9-60AA-42F8-AC7C-B7890EA8D350}.Debug|Any CPU.Build.0 = Debug|Any CPU
		{15E814A9-60AA-42F8-AC7C-B7890EA8D350}.Release|Any CPU.ActiveCfg = Release|Any CPU
		{15E814A9-60AA-42F8-AC7C-B7890EA8D350}.Release|Any CPU.Build.0 = Release|Any CPU
	EndGlobalSection
	GlobalSection(SolutionProperties) = preSolution
		HideSolutionNode = FALSE
	EndGlobalSection
	GlobalSection(ExtensibilityGlobals) = postSolution
		SolutionGuid = {3323ACAA-4556-4E30-9AEA-8A40555DE27A}
	EndGlobalSection
EndGlobal
